
Microsoft Visual Studio Solution File, Format Version 12.00
# Visual Studio Version 16
VisualStudioVersion = 16.0.31105.61
MinimumVisualStudioVersion = 10.0.40219.1
Project("{FAE04EC0-301F-11D3-BF4B-00C04F79EFBC}") = "WPFWebView2TabControlWithSelector", "WPFWebView2TabControlWithSelector.csproj", "{97D35317-31BE-46E2-B18F-5174A20C90DA}"
EndProject
Global
	GlobalSection(SolutionConfigurationPlatforms) = preSolution
		Debug|Any CPU = Debug|Any CPU
		Release|Any CPU = Release|Any CPU
	EndGlobalSection
	GlobalSection(ProjectConfigurationPlatforms) = postSolution
		{97D35317-31BE-46E2-B18F-5174A20C90DA}.Debug|Any CPU.ActiveCfg = Debug|Any CPU
		{97D35317-31BE-46E2-B18F-5174A20C90DA}.Debug|Any CPU.Build.0 = Debug|Any CPU
		{97D35317-31BE-46E2-B18F-5174A20C90DA}.Release|Any CPU.ActiveCfg = Release|Any CPU
		{97D35317-31BE-46E2-B18F-5174A20C90DA}.Release|Any CPU.Build.0 = Release|Any CPU
	EndGlobalSection
	GlobalSection(SolutionProperties) = preSolution
		HideSolutionNode = FALSE
	EndGlobalSection
	GlobalSection(ExtensibilityGlobals) = postSolution
		SolutionGuid = {D4E77CA4-1AB2-41CA-8AB6-C8D6689F38A8}
	EndGlobalSection
EndGlobal
